
Microsoft Visual Studio Solution File, Format Version 12.00
# Visual Studio Version 16
VisualStudioVersion = 16.0.31112.23
MinimumVisualStudioVersion = 10.0.40219.1
Project("{FAE04EC0-301F-11D3-BF4B-00C04F79EFBC}") = "MyTest", "MyTest.csproj", "{3FC83081-EF4A-4D86-862E-B594B0BC0721}"
EndProject
Global
	GlobalSection(SolutionConfigurationPlatforms) = preSolution
		Debug|Any CPU = Debug|Any CPU
		Release|Any CPU = Release|Any CPU
	EndGlobalSection
	GlobalSection(ProjectConfigurationPlatforms) = postSolution
		{3FC83081-EF4A-4D86-862E-B594B0BC0721}.Debug|Any CPU.ActiveCfg = Debug|Any CPU
		{3FC83081-EF4A-4D86-862E-B594B0BC0721}.Debug|Any CPU.Build.0 = Debug|Any CPU
		{3FC83081-EF4A-4D86-862E-B594B0BC0721}.Release|Any CPU.ActiveCfg = Release|Any CPU
		{3FC83081-EF4A-4D86-862E-B594B0BC0721}.Release|Any CPU.Build.0 = Release|Any CPU
	EndGlobalSection
	GlobalSection(SolutionProperties) = preSolution
		HideSolutionNode = FALSE
	EndGlobalSection
	GlobalSection(ExtensibilityGlobals) = postSolution
		SolutionGuid = {BF3B8C65-64D0-4649-A79F-AB2CFBC1070E}
	EndGlobalSection
EndGlobal
